# This file is autogenerated, do not edit; changes may be undone by the next 'dep ensure'.


[[projects]]
  branch = "development"
  name = "github.com/threefoldtech/0-core"
  packages = ["base/plugin"]
  revision = "4e2c19a9aeff20219ade95d236d089bdc011ba26"

[[projects]]
  name = "github.com/vishvananda/netlink"
  packages = [
    ".",
    "nl"
  ]
  revision = "a2ad57a690f3caf3015351d2d6e1c0b95c349752"
  version = "v1.0.0"

[[projects]]
  branch = "master"
  name = "github.com/vishvananda/netns"
  packages = ["."]
  revision = "13995c7128ccc8e51e9a6bd2b551020a27180abd"

[[projects]]
  branch = "master"
  name = "golang.org/x/sys"
  packages = ["unix"]
  revision = "fa5fdf94c78965f1aa8423f0cc50b8b8d728b05a"

[solve-meta]
  analyzer-name = "dep"
  analyzer-version = 1
  inputs-digest = "50c7c1acfdc51eb44c708a2ef59882fc07141d7b9b3c8a6b37d0ca9cbe3c5032"
  solver-name = "gps-cdcl"
  solver-version = 1
